{
  "name": "prism-ui",
  "version": "0.0.1",
  "lockfileVersion": 3,
  "requires": true,
  "packages": {
    "": {
      "name": "prism-ui",
      "version": "0.0.1",
      "license": "MIT",
      "devDependencies": {
        "@mickyballadelli/matrix": "^1.0.1",
        "typescript": "^6.0.3"
      },
      "engines": {
        "node": ">=18"
      },
      "peerDependencies": {
        "@mickyballadelli/matrix": "^1.0.1"
      }
    },
    "node_modules/@mickyballadelli/matrix": {
      "version": "1.0.1",
      "resolved": "https://registry.npmjs.org/@mickyballadelli/matrix/-/matrix-1.0.1.tgz",
      "integrity": "sha512-Q7g9jwX3uKIXqOg8TW180paK3aJt/sNLS4johmwf6NiVvru1Sv/63TZiZ1HJsz38NEsiOpwinYiPxUq84KV4Tg==",
      "dev": true,
      "license": "MIT",
      "engines": {
        "node": ">=18"
      }
    },
    "node_modules/typescript": {
      "version": "6.0.3",
      "resolved": "https://registry.npmjs.org/typescript/-/typescript-6.0.3.tgz",
      "integrity": "sha512-y2TvuxSZPDyQakkFRPZHKFm+KKVqIisdg9/CZwm9ftvKXLP8NRWj38/ODjNbr43SsoXqNuAisEf1GdCxqWcdBw==",
      "dev": true,
      "license": "Apache-2.0",
      "bin": {
        "tsc": "bin/tsc",
        "tsserver": "bin/tsserver"
      },
      "engines": {
        "node": ">=14.17"
      }
    }
  }
}
